
Microsoft Visual Studio Solution File, Format Version 12.00
# Visual Studio Version 17
VisualStudioVersion = 17.9.34701.34
MinimumVisualStudioVersion = 10.0.40219.1
Project("{FAE04EC0-301F-11D3-BF4B-00C04F79EFBC}") = "WebApi", "WebApi.csproj", "{AB136482-639C-4D33-90C7-74C04F0794C9}"
EndProject
Global
	GlobalSection(SolutionConfigurationPlatforms) = preSolution
		Debug|Any CPU = Debug|Any CPU
		Release|Any CPU = Release|Any CPU
	EndGlobalSection
	GlobalSection(ProjectConfigurationPlatforms) = postSolution
		{AB136482-639C-4D33-90C7-74C04F0794C9}.Debug|Any CPU.ActiveCfg = Debug|Any CPU
		{AB136482-639C-4D33-90C7-74C04F0794C9}.Debug|Any CPU.Build.0 = Debug|Any CPU
		{AB136482-639C-4D33-90C7-74C04F0794C9}.Release|Any CPU.ActiveCfg = Release|Any CPU
		{AB136482-639C-4D33-90C7-74C04F0794C9}.Release|Any CPU.Build.0 = Release|Any CPU
	EndGlobalSection
	GlobalSection(SolutionProperties) = preSolution
		HideSolutionNode = FALSE
	EndGlobalSection
	GlobalSection(ExtensibilityGlobals) = postSolution
		SolutionGuid = {B371F0FC-EFA8-4ABD-BE59-F7B3F36A17E6}
	EndGlobalSection
EndGlobal
